{
  "name": "GuiRen",
  "lockfileVersion": 3,
  "requires": true,
  "packages": {
    "": {
      "dependencies": {
        "@codemirror/legacy-modes": "^6.3.3",
        "codemirror": "^6.0.1"
      }
    },
    "node_modules/@codemirror/autocomplete": {
      "version": "6.12.0",
      "resolved": "https://registry.npmjs.org/@codemirror/autocomplete/-/autocomplete-6.12.0.tgz",
      "integrity": "sha512-r4IjdYFthwbCQyvqnSlx0WBHRHi8nBvU+WjJxFUij81qsBfhNudf/XKKmmC2j3m0LaOYUQTf3qiEK1J8lO1sdg==",
      "dependencies": {
        "@codemirror/language": "^6.0.0",
        "@codemirror/state": "^6.0.0",
        "@codemirror/view": "^6.17.0",
        "@lezer/common": "^1.0.0"
      },
      "peerDependencies": {
        "@codemirror/language": "^6.0.0",
        "@codemirror/state": "^6.0.0",
        "@codemirror/view": "^6.0.0",
        "@lezer/common": "^1.0.0"
      }
    },
    "node_modules/@codemirror/commands": {
      "version": "6.3.3",
      "resolved": "https://registry.npmjs.org/@codemirror/commands/-/commands-6.3.3.tgz",
      "integrity": "sha512-dO4hcF0fGT9tu1Pj1D2PvGvxjeGkbC6RGcZw6Qs74TH+Ed1gw98jmUgd2axWvIZEqTeTuFrg1lEB1KV6cK9h1A==",
      "dependencies": {
        "@codemirror/language": "^6.0.0",
        "@codemirror/state": "^6.4.0",
        "@codemirror/view": "^6.0.0",
        "@lezer/common": "^1.1.0"
      }
    },
    "node_modules/@codemirror/language": {
      "version": "6.10.0",
      "resolved": "https://registry.npmjs.org/@codemirror/language/-/language-6.10.0.tgz",
      "integrity": "sha512-2vaNn9aPGCRFKWcHPFksctzJ8yS5p7YoaT+jHpc0UGKzNuAIx4qy6R5wiqbP+heEEdyaABA582mNqSHzSoYdmg==",
      "dependencies": {
        "@codemirror/state": "^6.0.0",
        "@codemirror/view": "^6.23.0",
        "@lezer/common": "^1.1.0",
        "@lezer/highlight": "^1.0.0",
        "@lezer/lr": "^1.0.0",
        "style-mod": "^4.0.0"
      }
    },
    "node_modules/@codemirror/legacy-modes": {
      "version": "6.3.3",
      "resolved": "https://registry.npmjs.org/@codemirror/legacy-modes/-/legacy-modes-6.3.3.tgz",
      "integrity": "sha512-X0Z48odJ0KIoh/HY8Ltz75/4tDYc9msQf1E/2trlxFaFFhgjpVHjZ/BCXe1Lk7s4Gd67LL/CeEEHNI+xHOiESg==",
      "dependencies": {
        "@codemirror/language": "^6.0.0"
      }
    },
    "node_modules/@codemirror/lint": {
      "version": "6.5.0",
      "resolved": "https://registry.npmjs.org/@codemirror/lint/-/lint-6.5.0.tgz",
      "integrity": "sha512-+5YyicIaaAZKU8K43IQi8TBy6mF6giGeWAH7N96Z5LC30Wm5JMjqxOYIE9mxwMG1NbhT2mA3l9hA4uuKUM3E5g==",
      "dependencies": {
        "@codemirror/state": "^6.0.0",
        "@codemirror/view": "^6.0.0",
        "crelt": "^1.0.5"
      }
    },
    "node_modules/@codemirror/search": {
      "version": "6.5.5",
      "resolved": "https://registry.npmjs.org/@codemirror/search/-/search-6.5.5.tgz",
      "integrity": "sha512-PIEN3Ke1buPod2EHbJsoQwlbpkz30qGZKcnmH1eihq9+bPQx8gelauUwLYaY4vBOuBAuEhmpDLii4rj/uO0yMA==",
      "dependencies": {
        "@codemirror/state": "^6.0.0",
        "@codemirror/view": "^6.0.0",
        "crelt": "^1.0.5"
      }
    },
    "node_modules/@codemirror/state": {
      "version": "6.4.0",
      "resolved": "https://registry.npmjs.org/@codemirror/state/-/state-6.4.0.tgz",
      "integrity": "sha512-hm8XshYj5Fo30Bb922QX9hXB/bxOAVH+qaqHBzw5TKa72vOeslyGwd4X8M0c1dJ9JqxlaMceOQ8RsL9tC7gU0A=="
    },
    "node_modules/@codemirror/view": {
      "version": "6.23.1",
      "resolved": "https://registry.npmjs.org/@codemirror/view/-/view-6.23.1.tgz",
      "integrity": "sha512-J2Xnn5lFYT1ZN/5ewEoMBCmLlL71lZ3mBdb7cUEuHhX2ESoSrNEucpsDXpX22EuTGm9LOgC9v4Z0wx+Ez8QmGA==",
      "dependencies": {
        "@codemirror/state": "^6.4.0",
        "style-mod": "^4.1.0",
        "w3c-keyname": "^2.2.4"
      }
    },
    "node_modules/@lezer/common": {
      "version": "1.2.1",
      "resolved": "https://registry.npmjs.org/@lezer/common/-/common-1.2.1.tgz",
      "integrity": "sha512-yemX0ZD2xS/73llMZIK6KplkjIjf2EvAHcinDi/TfJ9hS25G0388+ClHt6/3but0oOxinTcQHJLDXh6w1crzFQ=="
    },
    "node_modules/@lezer/highlight": {
      "version": "1.2.0",
      "resolved": "https://registry.npmjs.org/@lezer/highlight/-/highlight-1.2.0.tgz",
      "integrity": "sha512-WrS5Mw51sGrpqjlh3d4/fOwpEV2Hd3YOkp9DBt4k8XZQcoTHZFB7sx030A6OcahF4J1nDQAa3jXlTVVYH50IFA==",
      "dependencies": {
        "@lezer/common": "^1.0.0"
      }
    },
    "node_modules/@lezer/lr": {
      "version": "1.4.0",
      "resolved": "https://registry.npmjs.org/@lezer/lr/-/lr-1.4.0.tgz",
      "integrity": "sha512-Wst46p51km8gH0ZUmeNrtpRYmdlRHUpN1DQd3GFAyKANi8WVz8c2jHYTf1CVScFaCjQw1iO3ZZdqGDxQPRErTg==",
      "dependencies": {
        "@lezer/common": "^1.0.0"
      }
    },
    "node_modules/codemirror": {
      "version": "6.0.1",
      "resolved": "https://registry.npmjs.org/codemirror/-/codemirror-6.0.1.tgz",
      "integrity": "sha512-J8j+nZ+CdWmIeFIGXEFbFPtpiYacFMDR8GlHK3IyHQJMCaVRfGx9NT+Hxivv1ckLWPvNdZqndbr/7lVhrf/Svg==",
      "dependencies": {
        "@codemirror/autocomplete": "^6.0.0",
        "@codemirror/commands": "^6.0.0",
        "@codemirror/language": "^6.0.0",
        "@codemirror/lint": "^6.0.0",
        "@codemirror/search": "^6.0.0",
        "@codemirror/state": "^6.0.0",
        "@codemirror/view": "^6.0.0"
      }
    },
    "node_modules/crelt": {
      "version": "1.0.6",
      "resolved": "https://registry.npmjs.org/crelt/-/crelt-1.0.6.tgz",
      "integrity": "sha512-VQ2MBenTq1fWZUH9DJNGti7kKv6EeAuYr3cLwxUWhIu1baTaXh4Ib5W2CqHVqib4/MqbYGJqiL3Zb8GJZr3l4g=="
    },
    "node_modules/style-mod": {
      "version": "4.1.0",
      "resolved": "https://registry.npmjs.org/style-mod/-/style-mod-4.1.0.tgz",
      "integrity": "sha512-Ca5ib8HrFn+f+0n4N4ScTIA9iTOQ7MaGS1ylHcoVqW9J7w2w8PzN6g9gKmTYgGEBH8e120+RCmhpje6jC5uGWA=="
    },
    "node_modules/w3c-keyname": {
      "version": "2.2.8",
      "resolved": "https://registry.npmjs.org/w3c-keyname/-/w3c-keyname-2.2.8.tgz",
      "integrity": "sha512-dpojBhNsCNN7T82Tm7k26A6G9ML3NkhDsnw9n/eoxSRlVBB4CEtIQ/KTCLI2Fwf3ataSXRhYFkQi3SlnFwPvPQ=="
    }
  }
}
